// !$*UTF8*$!
{
	archiveVersion = 1;
	classes = {
	};
	objectVersion = 50;
	objects = {

/* Begin PBXBuildFile section */
		46190FD7DA4EB04B9ED18258 /* Pods_Ride_TrackTests.framework in Frameworks */ = {isa = PBXBuildFile; fileRef = FFB83A6DD7FF7E0C6BF1F5E3 /* Pods_Ride_TrackTests.framework */; };
		5F160B402086F87900B4037F /* ParkSearchViewController.swift in Sources */ = {isa = PBXBuildFile; fileRef = 5F160B3F2086F87900B4037F /* ParkSearchViewController.swift */; };
		5F74C24A208E6CA400C71FD4 /* UserAttraction.swift in Sources */ = {isa = PBXBuildFile; fileRef = 5F74C249208E6CA400C71FD4 /* UserAttraction.swift */; };
		5F75594A2082B0E10060CED5 /* AppDelegate.swift in Sources */ = {isa = PBXBuildFile; fileRef = 5F7559492082B0E10060CED5 /* AppDelegate.swift */; };
		5F75594C2082B0E10060CED5 /* ViewController.swift in Sources */ = {isa = PBXBuildFile; fileRef = 5F75594B2082B0E10060CED5 /* ViewController.swift */; };
		5F75594F2082B0E10060CED5 /* Main.storyboard in Resources */ = {isa = PBXBuildFile; fileRef = 5F75594D2082B0E10060CED5 /* Main.storyboard */; };
		5F7559512082B0E80060CED5 /* Assets.xcassets in Resources */ = {isa = PBXBuildFile; fileRef = 5F7559502082B0E80060CED5 /* Assets.xcassets */; };
		5F7559542082B0E80060CED5 /* LaunchScreen.storyboard in Resources */ = {isa = PBXBuildFile; fileRef = 5F7559522082B0E80060CED5 /* LaunchScreen.storyboard */; };
		5F75595F2082B0E80060CED5 /* Ride_TrackTests.swift in Sources */ = {isa = PBXBuildFile; fileRef = 5F75595E2082B0E80060CED5 /* Ride_TrackTests.swift */; };
		5F75596A2082B0E80060CED5 /* Ride_TrackUITests.swift in Sources */ = {isa = PBXBuildFile; fileRef = 5F7559692082B0E80060CED5 /* Ride_TrackUITests.swift */; };
		5F7559782082B1D60060CED5 /* AttractionsModel.swift in Sources */ = {isa = PBXBuildFile; fileRef = 5F7559772082B1D60060CED5 /* AttractionsModel.swift */; };
		5F75597A2082B2E50060CED5 /* DataModel.swift in Sources */ = {isa = PBXBuildFile; fileRef = 5F7559792082B2E50060CED5 /* DataModel.swift */; };
		5F75597E2083D2E30060CED5 /* AttractionsViewController.swift in Sources */ = {isa = PBXBuildFile; fileRef = 5F75597D2083D2E30060CED5 /* AttractionsViewController.swift */; };
		5F7559802083D40E0060CED5 /* ParksModel.swift in Sources */ = {isa = PBXBuildFile; fileRef = 5F75597F2083D40E0060CED5 /* ParksModel.swift */; };
		5FA851BF20A102B300566184 /* RideTrack.xcdatamodel in Sources */ = {isa = PBXBuildFile; fileRef = 5FA851BE20A102B300566184 /* RideTrack.xcdatamodel */; };
		5FFF5E7C20A4B81E00B8CF97 /* awsconfiguration.json in Resources */ = {isa = PBXBuildFile; fileRef = 5FFF5E7B20A4B81E00B8CF97 /* awsconfiguration.json */; };
		98F96E9720A0DB9C005F936D /* CoreData.framework in Frameworks */ = {isa = PBXBuildFile; fileRef = 98F96E9620A0DB9C005F936D /* CoreData.framework */; };
		B54BD56458BF75E8992CAAF2 /* Pods_Ride_TrackUITests.framework in Frameworks */ = {isa = PBXBuildFile; fileRef = 138FDE9097B2631FCCDF0A12 /* Pods_Ride_TrackUITests.framework */; };
		D26AD3CED0511FE65EBA05E3 /* Pods_Ride_Track.framework in Frameworks */ = {isa = PBXBuildFile; fileRef = 6CDD03ABE37BFD235C7DBC2D /* Pods_Ride_Track.framework */; };
/* End PBXBuildFile section */

/* Begin PBXContainerItemProxy section */
		5F75595B2082B0E80060CED5 /* PBXContainerItemProxy */ = {
			isa = PBXContainerItemProxy;
			containerPortal = 5F75593E2082B0E10060CED5 /* Project object */;
			proxyType = 1;
			remoteGlobalIDString = 5F7559452082B0E10060CED5;
			remoteInfo = "Ride Track";
		};
		5F7559662082B0E80060CED5 /* PBXContainerItemProxy */ = {
			isa = PBXContainerItemProxy;
			containerPortal = 5F75593E2082B0E10060CED5 /* Project object */;
			proxyType = 1;
			remoteGlobalIDString = 5F7559452082B0E10060CED5;
			remoteInfo = "Ride Track";
		};
/* End PBXContainerItemProxy section */

/* Begin PBXFileReference section */
		138FDE9097B2631FCCDF0A12 /* Pods_Ride_TrackUITests.framework */ = {isa = PBXFileReference; explicitFileType = wrapper.framework; includeInIndex = 0; path = Pods_Ride_TrackUITests.framework; sourceTree = BUILT_PRODUCTS_DIR; };
		5A18A3B220F29D9A3C2BFE68 /* Pods-Ride TrackTests.release.xcconfig */ = {isa = PBXFileReference; includeInIndex = 1; lastKnownFileType = text.xcconfig; name = "Pods-Ride TrackTests.release.xcconfig"; path = "Pods/Target Support Files/Pods-Ride TrackTests/Pods-Ride TrackTests.release.xcconfig"; sourceTree = "<group>"; };
		5F160B3F2086F87900B4037F /* ParkSearchViewController.swift */ = {isa = PBXFileReference; lastKnownFileType = sourcecode.swift; path = ParkSearchViewController.swift; sourceTree = "<group>"; };
		5F74C249208E6CA400C71FD4 /* UserAttraction.swift */ = {isa = PBXFileReference; lastKnownFileType = sourcecode.swift; path = UserAttraction.swift; sourceTree = "<group>"; };
		5F7559462082B0E10060CED5 /* Ride Track.app */ = {isa = PBXFileReference; explicitFileType = wrapper.application; includeInIndex = 0; path = "Ride Track.app"; sourceTree = BUILT_PRODUCTS_DIR; };
		5F7559492082B0E10060CED5 /* AppDelegate.swift */ = {isa = PBXFileReference; lastKnownFileType = sourcecode.swift; path = AppDelegate.swift; sourceTree = "<group>"; };
		5F75594B2082B0E10060CED5 /* ViewController.swift */ = {isa = PBXFileReference; lastKnownFileType = sourcecode.swift; path = ViewController.swift; sourceTree = "<group>"; };
		5F75594E2082B0E10060CED5 /* Base */ = {isa = PBXFileReference; lastKnownFileType = file.storyboard; name = Base; path = Base.lproj/Main.storyboard; sourceTree = "<group>"; };
		5F7559502082B0E80060CED5 /* Assets.xcassets */ = {isa = PBXFileReference; lastKnownFileType = folder.assetcatalog; path = Assets.xcassets; sourceTree = "<group>"; };
		5F7559532082B0E80060CED5 /* Base */ = {isa = PBXFileReference; lastKnownFileType = file.storyboard; name = Base; path = Base.lproj/LaunchScreen.storyboard; sourceTree = "<group>"; };
		5F7559552082B0E80060CED5 /* Info.plist */ = {isa = PBXFileReference; lastKnownFileType = text.plist.xml; path = Info.plist; sourceTree = "<group>"; };
		5F75595A2082B0E80060CED5 /* Ride TrackTests.xctest */ = {isa = PBXFileReference; explicitFileType = wrapper.cfbundle; includeInIndex = 0; path = "Ride TrackTests.xctest"; sourceTree = BUILT_PRODUCTS_DIR; };
		5F75595E2082B0E80060CED5 /* Ride_TrackTests.swift */ = {isa = PBXFileReference; lastKnownFileType = sourcecode.swift; path = Ride_TrackTests.swift; sourceTree = "<group>"; };
		5F7559602082B0E80060CED5 /* Info.plist */ = {isa = PBXFileReference; lastKnownFileType = text.plist.xml; path = Info.plist; sourceTree = "<group>"; };
		5F7559652082B0E80060CED5 /* Ride TrackUITests.xctest */ = {isa = PBXFileReference; explicitFileType = wrapper.cfbundle; includeInIndex = 0; path = "Ride TrackUITests.xctest"; sourceTree = BUILT_PRODUCTS_DIR; };
		5F7559692082B0E80060CED5 /* Ride_TrackUITests.swift */ = {isa = PBXFileReference; lastKnownFileType = sourcecode.swift; path = Ride_TrackUITests.swift; sourceTree = "<group>"; };
		5F75596B2082B0E80060CED5 /* Info.plist */ = {isa = PBXFileReference; lastKnownFileType = text.plist.xml; path = Info.plist; sourceTree = "<group>"; };
		5F7559772082B1D60060CED5 /* AttractionsModel.swift */ = {isa = PBXFileReference; lastKnownFileType = sourcecode.swift; path = AttractionsModel.swift; sourceTree = "<group>"; };
		5F7559792082B2E50060CED5 /* DataModel.swift */ = {isa = PBXFileReference; lastKnownFileType = sourcecode.swift; path = DataModel.swift; sourceTree = "<group>"; };
		5F75597D2083D2E30060CED5 /* AttractionsViewController.swift */ = {isa = PBXFileReference; lastKnownFileType = sourcecode.swift; path = AttractionsViewController.swift; sourceTree = "<group>"; };
		5F75597F2083D40E0060CED5 /* ParksModel.swift */ = {isa = PBXFileReference; lastKnownFileType = sourcecode.swift; path = ParksModel.swift; sourceTree = "<group>"; };
		5FA851BE20A102B300566184 /* RideTrack.xcdatamodel */ = {isa = PBXFileReference; lastKnownFileType = wrapper.xcdatamodel; path = RideTrack.xcdatamodel; sourceTree = "<group>"; };
		5FFF5E7B20A4B81E00B8CF97 /* awsconfiguration.json */ = {isa = PBXFileReference; fileEncoding = 4; lastKnownFileType = text.json; path = awsconfiguration.json; sourceTree = "<group>"; };
		659604BDA9481FFE82F48647 /* Pods-Ride TrackUITests.debug.xcconfig */ = {isa = PBXFileReference; includeInIndex = 1; lastKnownFileType = text.xcconfig; name = "Pods-Ride TrackUITests.debug.xcconfig"; path = "Pods/Target Support Files/Pods-Ride TrackUITests/Pods-Ride TrackUITests.debug.xcconfig"; sourceTree = "<group>"; };
		6CDD03ABE37BFD235C7DBC2D /* Pods_Ride_Track.framework */ = {isa = PBXFileReference; explicitFileType = wrapper.framework; includeInIndex = 0; path = Pods_Ride_Track.framework; sourceTree = BUILT_PRODUCTS_DIR; };
		96AA33EB0E4B3FA4C33386C5 /* Pods-Ride Track.release.xcconfig */ = {isa = PBXFileReference; includeInIndex = 1; lastKnownFileType = text.xcconfig; name = "Pods-Ride Track.release.xcconfig"; path = "Pods/Target Support Files/Pods-Ride Track/Pods-Ride Track.release.xcconfig"; sourceTree = "<group>"; };
		98F96E9620A0DB9C005F936D /* CoreData.framework */ = {isa = PBXFileReference; lastKnownFileType = wrapper.framework; name = CoreData.framework; path = System/Library/Frameworks/CoreData.framework; sourceTree = SDKROOT; };
		9C27304B77A8DCD8E8A26720 /* Pods-Ride TrackTests.debug.xcconfig */ = {isa = PBXFileReference; includeInIndex = 1; lastKnownFileType = text.xcconfig; name = "Pods-Ride TrackTests.debug.xcconfig"; path = "Pods/Target Support Files/Pods-Ride TrackTests/Pods-Ride TrackTests.debug.xcconfig"; sourceTree = "<group>"; };
		B53D74E479ED5DED9F0AFF22 /* Pods-Ride TrackUITests.release.xcconfig */ = {isa = PBXFileReference; includeInIndex = 1; lastKnownFileType = text.xcconfig; name = "Pods-Ride TrackUITests.release.xcconfig"; path = "Pods/Target Support Files/Pods-Ride TrackUITests/Pods-Ride TrackUITests.release.xcconfig"; sourceTree = "<group>"; };
		F6440EA5BB06C9CA8C214263 /* Pods-Ride Track.debug.xcconfig */ = {isa = PBXFileReference; includeInIndex = 1; lastKnownFileType = text.xcconfig; name = "Pods-Ride Track.debug.xcconfig"; path = "Pods/Target Support Files/Pods-Ride Track/Pods-Ride Track.debug.xcconfig"; sourceTree = "<group>"; };
		FFB83A6DD7FF7E0C6BF1F5E3 /* Pods_Ride_TrackTests.framework */ = {isa = PBXFileReference; explicitFileType = wrapper.framework; includeInIndex = 0; path = Pods_Ride_TrackTests.framework; sourceTree = BUILT_PRODUCTS_DIR; };
/* End PBXFileReference section */

/* Begin PBXFrameworksBuildPhase section */
		5F7559432082B0E10060CED5 /* Frameworks */ = {
			isa = PBXFrameworksBuildPhase;
			buildActionMask = 2147483647;
			files = (
				98F96E9720A0DB9C005F936D /* CoreData.framework in Frameworks */,
				D26AD3CED0511FE65EBA05E3 /* Pods_Ride_Track.framework in Frameworks */,
			);
			runOnlyForDeploymentPostprocessing = 0;
		};
		5F7559572082B0E80060CED5 /* Frameworks */ = {
			isa = PBXFrameworksBuildPhase;
			buildActionMask = 2147483647;
			files = (
				46190FD7DA4EB04B9ED18258 /* Pods_Ride_TrackTests.framework in Frameworks */,
			);
			runOnlyForDeploymentPostprocessing = 0;
		};
		5F7559622082B0E80060CED5 /* Frameworks */ = {
			isa = PBXFrameworksBuildPhase;
			buildActionMask = 2147483647;
			files = (
				B54BD56458BF75E8992CAAF2 /* Pods_Ride_TrackUITests.framework in Frameworks */,
			);
			runOnlyForDeploymentPostprocessing = 0;
		};
/* End PBXFrameworksBuildPhase section */

/* Begin PBXGroup section */
		48930FD8330832C22472C0F7 /* Pods */ = {
			isa = PBXGroup;
			children = (
				F6440EA5BB06C9CA8C214263 /* Pods-Ride Track.debug.xcconfig */,
				96AA33EB0E4B3FA4C33386C5 /* Pods-Ride Track.release.xcconfig */,
				9C27304B77A8DCD8E8A26720 /* Pods-Ride TrackTests.debug.xcconfig */,
				5A18A3B220F29D9A3C2BFE68 /* Pods-Ride TrackTests.release.xcconfig */,
				659604BDA9481FFE82F48647 /* Pods-Ride TrackUITests.debug.xcconfig */,
				B53D74E479ED5DED9F0AFF22 /* Pods-Ride TrackUITests.release.xcconfig */,
			);
			name = Pods;
			sourceTree = "<group>";
		};
		5F75593D2082B0E10060CED5 = {
			isa = PBXGroup;
			children = (
				5F7559482082B0E10060CED5 /* Ride Track */,
				5F75595D2082B0E80060CED5 /* Ride TrackTests */,
				5F7559682082B0E80060CED5 /* Ride TrackUITests */,
				5F7559472082B0E10060CED5 /* Products */,
				98F96E9520A0DB9C005F936D /* Frameworks */,
				48930FD8330832C22472C0F7 /* Pods */,
			);
			sourceTree = "<group>";
		};
		5F7559472082B0E10060CED5 /* Products */ = {
			isa = PBXGroup;
			children = (
				5F7559462082B0E10060CED5 /* Ride Track.app */,
				5F75595A2082B0E80060CED5 /* Ride TrackTests.xctest */,
				5F7559652082B0E80060CED5 /* Ride TrackUITests.xctest */,
			);
			name = Products;
			sourceTree = "<group>";
		};
		5F7559482082B0E10060CED5 /* Ride Track */ = {
			isa = PBXGroup;
			children = (
				5F7559492082B0E10060CED5 /* AppDelegate.swift */,
				5F75594B2082B0E10060CED5 /* ViewController.swift */,
				5F75597D2083D2E30060CED5 /* AttractionsViewController.swift */,
				5F160B3F2086F87900B4037F /* ParkSearchViewController.swift */,
				5F75594D2082B0E10060CED5 /* Main.storyboard */,
				5F7559792082B2E50060CED5 /* DataModel.swift */,
				5F7559772082B1D60060CED5 /* AttractionsModel.swift */,
				5F74C249208E6CA400C71FD4 /* UserAttraction.swift */,
				5F75597F2083D40E0060CED5 /* ParksModel.swift */,
				5F7559502082B0E80060CED5 /* Assets.xcassets */,
				5F7559522082B0E80060CED5 /* LaunchScreen.storyboard */,
				5FFF5E7B20A4B81E00B8CF97 /* awsconfiguration.json */,
				5F7559552082B0E80060CED5 /* Info.plist */,
				5FA851BE20A102B300566184 /* RideTrack.xcdatamodel */,
			);
			path = "Ride Track";
			sourceTree = "<group>";
		};
		5F75595D2082B0E80060CED5 /* Ride TrackTests */ = {
			isa = PBXGroup;
			children = (
				5F75595E2082B0E80060CED5 /* Ride_TrackTests.swift */,
				5F7559602082B0E80060CED5 /* Info.plist */,
			);
			path = "Ride TrackTests";
			sourceTree = "<group>";
		};
		5F7559682082B0E80060CED5 /* Ride TrackUITests */ = {
			isa = PBXGroup;
			children = (
				5F7559692082B0E80060CED5 /* Ride_TrackUITests.swift */,
				5F75596B2082B0E80060CED5 /* Info.plist */,
			);
			path = "Ride TrackUITests";
			sourceTree = "<group>";
		};
		98F96E9520A0DB9C005F936D /* Frameworks */ = {
			isa = PBXGroup;
			children = (
				98F96E9620A0DB9C005F936D /* CoreData.framework */,
				6CDD03ABE37BFD235C7DBC2D /* Pods_Ride_Track.framework */,
				FFB83A6DD7FF7E0C6BF1F5E3 /* Pods_Ride_TrackTests.framework */,
				138FDE9097B2631FCCDF0A12 /* Pods_Ride_TrackUITests.framework */,
			);
			name = Frameworks;
			sourceTree = "<group>";
		};
/* End PBXGroup section */

/* Begin PBXNativeTarget section */
		5F7559452082B0E10060CED5 /* Ride Track */ = {
			isa = PBXNativeTarget;
			buildConfigurationList = 5F75596E2082B0E80060CED5 /* Build configuration list for PBXNativeTarget "Ride Track" */;
			buildPhases = (
				81903E19AFC1F1147A3351CB /* [CP] Check Pods Manifest.lock */,
				5F7559422082B0E10060CED5 /* Sources */,
				5F7559432082B0E10060CED5 /* Frameworks */,
				5F7559442082B0E10060CED5 /* Resources */,
				D8EE1BBD4460A6BB2D114911 /* [CP] Embed Pods Frameworks */,
			);
			buildRules = (
			);
			dependencies = (
			);
			name = "Ride Track";
			productName = "Ride Track";
			productReference = 5F7559462082B0E10060CED5 /* Ride Track.app */;
			productType = "com.apple.product-type.application";
		};
		5F7559592082B0E80060CED5 /* Ride TrackTests */ = {
			isa = PBXNativeTarget;
			buildConfigurationList = 5F7559712082B0E80060CED5 /* Build configuration list for PBXNativeTarget "Ride TrackTests" */;
			buildPhases = (
				705E6C915703E23E37B46395 /* [CP] Check Pods Manifest.lock */,
				5F7559562082B0E80060CED5 /* Sources */,
				5F7559572082B0E80060CED5 /* Frameworks */,
				5F7559582082B0E80060CED5 /* Resources */,
			);
			buildRules = (
			);
			dependencies = (
				5F75595C2082B0E80060CED5 /* PBXTargetDependency */,
			);
			name = "Ride TrackTests";
			productName = "Ride TrackTests";
			productReference = 5F75595A2082B0E80060CED5 /* Ride TrackTests.xctest */;
			productType = "com.apple.product-type.bundle.unit-test";
		};
		5F7559642082B0E80060CED5 /* Ride TrackUITests */ = {
			isa = PBXNativeTarget;
			buildConfigurationList = 5F7559742082B0E80060CED5 /* Build configuration list for PBXNativeTarget "Ride TrackUITests" */;
			buildPhases = (
				7843108BBDE4AA8F96439BF7 /* [CP] Check Pods Manifest.lock */,
				5F7559612082B0E80060CED5 /* Sources */,
				5F7559622082B0E80060CED5 /* Frameworks */,
				5F7559632082B0E80060CED5 /* Resources */,
			);
			buildRules = (
			);
			dependencies = (
				5F7559672082B0E80060CED5 /* PBXTargetDependency */,
			);
			name = "Ride TrackUITests";
			productName = "Ride TrackUITests";
			productReference = 5F7559652082B0E80060CED5 /* Ride TrackUITests.xctest */;
			productType = "com.apple.product-type.bundle.ui-testing";
		};
/* End PBXNativeTarget section */

/* Begin PBXProject section */
		5F75593E2082B0E10060CED5 /* Project object */ = {
			isa = PBXProject;
			attributes = {
				LastSwiftUpdateCheck = 0930;
				LastUpgradeCheck = 0930;
				ORGANIZATIONNAME = "Mark Lawrence";
				TargetAttributes = {
					5F7559452082B0E10060CED5 = {
						CreatedOnToolsVersion = 9.3;
					};
					5F7559592082B0E80060CED5 = {
						CreatedOnToolsVersion = 9.3;
						TestTargetID = 5F7559452082B0E10060CED5;
					};
					5F7559642082B0E80060CED5 = {
						CreatedOnToolsVersion = 9.3;
						TestTargetID = 5F7559452082B0E10060CED5;
					};
				};
			};
			buildConfigurationList = 5F7559412082B0E10060CED5 /* Build configuration list for PBXProject "Ride Track" */;
			compatibilityVersion = "Xcode 9.3";
			developmentRegion = en;
			hasScannedForEncodings = 0;
			knownRegions = (
				en,
				Base,
			);
			mainGroup = 5F75593D2082B0E10060CED5;
			productRefGroup = 5F7559472082B0E10060CED5 /* Products */;
			projectDirPath = "";
			projectRoot = "";
			targets = (
				5F7559452082B0E10060CED5 /* Ride Track */,
				5F7559592082B0E80060CED5 /* Ride TrackTests */,
				5F7559642082B0E80060CED5 /* Ride TrackUITests */,
			);
		};
/* End PBXProject section */

/* Begin PBXResourcesBuildPhase section */
		5F7559442082B0E10060CED5 /* Resources */ = {
			isa = PBXResourcesBuildPhase;
			buildActionMask = 2147483647;
			files = (
				5F7559542082B0E80060CED5 /* LaunchScreen.storyboard in Resources */,
				5F7559512082B0E80060CED5 /* Assets.xcassets in Resources */,
				5F75594F2082B0E10060CED5 /* Main.storyboard in Resources */,
				5FFF5E7C20A4B81E00B8CF97 /* awsconfiguration.json in Resources */,
			);
			runOnlyForDeploymentPostprocessing = 0;
		};
		5F7559582082B0E80060CED5 /* Resources */ = {
			isa = PBXResourcesBuildPhase;
			buildActionMask = 2147483647;
			files = (
			);
			runOnlyForDeploymentPostprocessing = 0;
		};
		5F7559632082B0E80060CED5 /* Resources */ = {
			isa = PBXResourcesBuildPhase;
			buildActionMask = 2147483647;
			files = (
			);
			runOnlyForDeploymentPostprocessing = 0;
		};
/* End PBXResourcesBuildPhase section */

/* Begin PBXShellScriptBuildPhase section */
		705E6C915703E23E37B46395 /* [CP] Check Pods Manifest.lock */ = {
			isa = PBXShellScriptBuildPhase;
			buildActionMask = 2147483647;
			files = (
			);
			inputPaths = (
				"${PODS_PODFILE_DIR_PATH}/Podfile.lock",
				"${PODS_ROOT}/Manifest.lock",
			);
			name = "[CP] Check Pods Manifest.lock";
			outputPaths = (
				"$(DERIVED_FILE_DIR)/Pods-Ride TrackTests-checkManifestLockResult.txt",
			);
			runOnlyForDeploymentPostprocessing = 0;
			shellPath = /bin/sh;
			shellScript = "diff \"${PODS_PODFILE_DIR_PATH}/Podfile.lock\" \"${PODS_ROOT}/Manifest.lock\" > /dev/null\nif [ $? != 0 ] ; then\n    # print error to STDERR\n    echo \"error: The sandbox is not in sync with the Podfile.lock. Run 'pod install' or update your CocoaPods installation.\" >&2\n    exit 1\nfi\n# This output is used by Xcode 'outputs' to avoid re-running this script phase.\necho \"SUCCESS\" > \"${SCRIPT_OUTPUT_FILE_0}\"\n";
			showEnvVarsInLog = 0;
		};
		7843108BBDE4AA8F96439BF7 /* [CP] Check Pods Manifest.lock */ = {
			isa = PBXShellScriptBuildPhase;
			buildActionMask = 2147483647;
			files = (
			);
			inputPaths = (
				"${PODS_PODFILE_DIR_PATH}/Podfile.lock",
				"${PODS_ROOT}/Manifest.lock",
			);
			name = "[CP] Check Pods Manifest.lock";
			outputPaths = (
				"$(DERIVED_FILE_DIR)/Pods-Ride TrackUITests-checkManifestLockResult.txt",
			);
			runOnlyForDeploymentPostprocessing = 0;
			shellPath = /bin/sh;
			shellScript = "diff \"${PODS_PODFILE_DIR_PATH}/Podfile.lock\" \"${PODS_ROOT}/Manifest.lock\" > /dev/null\nif [ $? != 0 ] ; then\n    # print error to STDERR\n    echo \"error: The sandbox is not in sync with the Podfile.lock. Run 'pod install' or update your CocoaPods installation.\" >&2\n    exit 1\nfi\n# This output is used by Xcode 'outputs' to avoid re-running this script phase.\necho \"SUCCESS\" > \"${SCRIPT_OUTPUT_FILE_0}\"\n";
			showEnvVarsInLog = 0;
		};
		81903E19AFC1F1147A3351CB /* [CP] Check Pods Manifest.lock */ = {
			isa = PBXShellScriptBuildPhase;
			buildActionMask = 2147483647;
			files = (
			);
			inputPaths = (
				"${PODS_PODFILE_DIR_PATH}/Podfile.lock",
				"${PODS_ROOT}/Manifest.lock",
			);
			name = "[CP] Check Pods Manifest.lock";
			outputPaths = (
				"$(DERIVED_FILE_DIR)/Pods-Ride Track-checkManifestLockResult.txt",
			);
			runOnlyForDeploymentPostprocessing = 0;
			shellPath = /bin/sh;
			shellScript = "diff \"${PODS_PODFILE_DIR_PATH}/Podfile.lock\" \"${PODS_ROOT}/Manifest.lock\" > /dev/null\nif [ $? != 0 ] ; then\n    # print error to STDERR\n    echo \"error: The sandbox is not in sync with the Podfile.lock. Run 'pod install' or update your CocoaPods installation.\" >&2\n    exit 1\nfi\n# This output is used by Xcode 'outputs' to avoid re-running this script phase.\necho \"SUCCESS\" > \"${SCRIPT_OUTPUT_FILE_0}\"\n";
			showEnvVarsInLog = 0;
		};
		D8EE1BBD4460A6BB2D114911 /* [CP] Embed Pods Frameworks */ = {
			isa = PBXShellScriptBuildPhase;
			buildActionMask = 2147483647;
			files = (
			);
			inputPaths = (
				"${SRCROOT}/Pods/Target Support Files/Pods-Ride Track/Pods-Ride Track-frameworks.sh",
				"${BUILT_PRODUCTS_DIR}/AWSAuthCore/AWSAuthCore.framework",
				"${BUILT_PRODUCTS_DIR}/AWSAuthUI/AWSAuthUI.framework",
				"${BUILT_PRODUCTS_DIR}/AWSCognitoIdentityProvider/AWSCognitoIdentityProvider.framework",
				"${BUILT_PRODUCTS_DIR}/AWSCognitoIdentityProviderASF/AWSCognitoIdentityProviderASF.framework",
				"${BUILT_PRODUCTS_DIR}/AWSCore/AWSCore.framework",
				"${BUILT_PRODUCTS_DIR}/AWSMobileClient/AWSMobileClient.framework",
				"${BUILT_PRODUCTS_DIR}/AWSPinpoint/AWSPinpoint.framework",
				"${BUILT_PRODUCTS_DIR}/AWSUserPoolsSignIn/AWSUserPoolsSignIn.framework",
			);
			name = "[CP] Embed Pods Frameworks";
			outputPaths = (
				"${TARGET_BUILD_DIR}/${FRAMEWORKS_FOLDER_PATH}/AWSAuthCore.framework",
				"${TARGET_BUILD_DIR}/${FRAMEWORKS_FOLDER_PATH}/AWSAuthUI.framework",
				"${TARGET_BUILD_DIR}/${FRAMEWORKS_FOLDER_PATH}/AWSCognitoIdentityProvider.framework",
				"${TARGET_BUILD_DIR}/${FRAMEWORKS_FOLDER_PATH}/AWSCognitoIdentityProviderASF.framework",
				"${TARGET_BUILD_DIR}/${FRAMEWORKS_FOLDER_PATH}/AWSCore.framework",
				"${TARGET_BUILD_DIR}/${FRAMEWORKS_FOLDER_PATH}/AWSMobileClient.framework",
				"${TARGET_BUILD_DIR}/${FRAMEWORKS_FOLDER_PATH}/AWSPinpoint.framework",
				"${TARGET_BUILD_DIR}/${FRAMEWORKS_FOLDER_PATH}/AWSUserPoolsSignIn.framework",
			);
			runOnlyForDeploymentPostprocessing = 0;
			shellPath = /bin/sh;
			shellScript = "\"${SRCROOT}/Pods/Target Support Files/Pods-Ride Track/Pods-Ride Track-frameworks.sh\"\n";
			showEnvVarsInLog = 0;
		};
/* End PBXShellScriptBuildPhase section */

/* Begin PBXSourcesBuildPhase section */
		5F7559422082B0E10060CED5 /* Sources */ = {
			isa = PBXSourcesBuildPhase;
			buildActionMask = 2147483647;
			files = (
				5F75597A2082B2E50060CED5 /* DataModel.swift in Sources */,
				5F160B402086F87900B4037F /* ParkSearchViewController.swift in Sources */,
				5F75594C2082B0E10060CED5 /* ViewController.swift in Sources */,
				5F75594A2082B0E10060CED5 /* AppDelegate.swift in Sources */,
				5F75597E2083D2E30060CED5 /* AttractionsViewController.swift in Sources */,
				5FA851BF20A102B300566184 /* RideTrack.xcdatamodel in Sources */,
				5F7559782082B1D60060CED5 /* AttractionsModel.swift in Sources */,
				5F7559802083D40E0060CED5 /* ParksModel.swift in Sources */,
				5F74C24A208E6CA400C71FD4 /* UserAttraction.swift in Sources */,
			);
			runOnlyForDeploymentPostprocessing = 0;
		};
		5F7559562082B0E80060CED5 /* Sources */ = {
			isa = PBXSourcesBuildPhase;
			buildActionMask = 2147483647;
			files = (
				5F75595F2082B0E80060CED5 /* Ride_TrackTests.swift in Sources */,
			);
			runOnlyForDeploymentPostprocessing = 0;
		};
		5F7559612082B0E80060CED5 /* Sources */ = {
			isa = PBXSourcesBuildPhase;
			buildActionMask = 2147483647;
			files = (
				5F75596A2082B0E80060CED5 /* Ride_TrackUITests.swift in Sources */,
			);
			runOnlyForDeploymentPostprocessing = 0;
		};
/* End PBXSourcesBuildPhase section */

/* Begin PBXTargetDependency section */
		5F75595C2082B0E80060CED5 /* PBXTargetDependency */ = {
			isa = PBXTargetDependency;
			target = 5F7559452082B0E10060CED5 /* Ride Track */;
			targetProxy = 5F75595B2082B0E80060CED5 /* PBXContainerItemProxy */;
		};
		5F7559672082B0E80060CED5 /* PBXTargetDependency */ = {
			isa = PBXTargetDependency;
			target = 5F7559452082B0E10060CED5 /* Ride Track */;
			targetProxy = 5F7559662082B0E80060CED5 /* PBXContainerItemProxy */;
		};
/* End PBXTargetDependency section */

/* Begin PBXVariantGroup section */
		5F75594D2082B0E10060CED5 /* Main.storyboard */ = {
			isa = PBXVariantGroup;
			children = (
				5F75594E2082B0E10060CED5 /* Base */,
			);
			name = Main.storyboard;
			sourceTree = "<group>";
		};
		5F7559522082B0E80060CED5 /* LaunchScreen.storyboard */ = {
			isa = PBXVariantGroup;
			children = (
				5F7559532082B0E80060CED5 /* Base */,
			);
			name = LaunchScreen.storyboard;
			sourceTree = "<group>";
		};
/* End PBXVariantGroup section */

/* Begin XCBuildConfiguration section */
		5F75596C2082B0E80060CED5 /* Debug */ = {
			isa = XCBuildConfiguration;
			buildSettings = {
				ALWAYS_SEARCH_USER_PATHS = NO;
				CLANG_ANALYZER_NONNULL = YES;
				CLANG_ANALYZER_NUMBER_OBJECT_CONVERSION = YES_AGGRESSIVE;
				CLANG_CXX_LANGUAGE_STANDARD = "gnu++14";
				CLANG_CXX_LIBRARY = "libc++";
				CLANG_ENABLE_MODULES = YES;
				CLANG_ENABLE_OBJC_ARC = YES;
				CLANG_ENABLE_OBJC_WEAK = YES;
				CLANG_WARN_BLOCK_CAPTURE_AUTORELEASING = YES;
				CLANG_WARN_BOOL_CONVERSION = YES;
				CLANG_WARN_COMMA = YES;
				CLANG_WARN_CONSTANT_CONVERSION = YES;
				CLANG_WARN_DEPRECATED_OBJC_IMPLEMENTATIONS = YES;
				CLANG_WARN_DIRECT_OBJC_ISA_USAGE = YES_ERROR;
				CLANG_WARN_DOCUMENTATION_COMMENTS = YES;
				CLANG_WARN_EMPTY_BODY = YES;
				CLANG_WARN_ENUM_CONVERSION = YES;
				CLANG_WARN_INFINITE_RECURSION = YES;
				CLANG_WARN_INT_CONVERSION = YES;
				CLANG_WARN_NON_LITERAL_NULL_CONVERSION = YES;
				CLANG_WARN_OBJC_IMPLICIT_RETAIN_SELF = YES;
				CLANG_WARN_OBJC_LITERAL_CONVERSION = YES;
				CLANG_WARN_OBJC_ROOT_CLASS = YES_ERROR;
				CLANG_WARN_RANGE_LOOP_ANALYSIS = YES;
				CLANG_WARN_STRICT_PROTOTYPES = YES;
				CLANG_WARN_SUSPICIOUS_MOVE = YES;
				CLANG_WARN_UNGUARDED_AVAILABILITY = YES_AGGRESSIVE;
				CLANG_WARN_UNREACHABLE_CODE = YES;
				CLANG_WARN__DUPLICATE_METHOD_MATCH = YES;
				CODE_SIGN_IDENTITY = "iPhone Developer";
				COPY_PHASE_STRIP = NO;
				DEBUG_INFORMATION_FORMAT = dwarf;
				ENABLE_STRICT_OBJC_MSGSEND = YES;
				ENABLE_TESTABILITY = YES;
				GCC_C_LANGUAGE_STANDARD = gnu11;
				GCC_DYNAMIC_NO_PIC = NO;
				GCC_NO_COMMON_BLOCKS = YES;
				GCC_OPTIMIZATION_LEVEL = 0;
				GCC_PREPROCESSOR_DEFINITIONS = (
					"DEBUG=1",
					"$(inherited)",
				);
				GCC_WARN_64_TO_32_BIT_CONVERSION = YES;
				GCC_WARN_ABOUT_RETURN_TYPE = YES_ERROR;
				GCC_WARN_UNDECLARED_SELECTOR = YES;
				GCC_WARN_UNINITIALIZED_AUTOS = YES_AGGRESSIVE;
				GCC_WARN_UNUSED_FUNCTION = YES;
				GCC_WARN_UNUSED_VARIABLE = YES;
				IPHONEOS_DEPLOYMENT_TARGET = 11.3;
				MTL_ENABLE_DEBUG_INFO = YES;
				ONLY_ACTIVE_ARCH = YES;
				SDKROOT = iphoneos;
				SWIFT_ACTIVE_COMPILATION_CONDITIONS = DEBUG;
				SWIFT_OPTIMIZATION_LEVEL = "-Onone";
			};
			name = Debug;
		};
		5F75596D2082B0E80060CED5 /* Release */ = {
			isa = XCBuildConfiguration;
			buildSettings = {
				ALWAYS_SEARCH_USER_PATHS = NO;
				CLANG_ANALYZER_NONNULL = YES;
				CLANG_ANALYZER_NUMBER_OBJECT_CONVERSION = YES_AGGRESSIVE;
				CLANG_CXX_LANGUAGE_STANDARD = "gnu++14";
				CLANG_CXX_LIBRARY = "libc++";
				CLANG_ENABLE_MODULES = YES;
				CLANG_ENABLE_OBJC_ARC = YES;
				CLANG_ENABLE_OBJC_WEAK = YES;
				CLANG_WARN_BLOCK_CAPTURE_AUTORELEASING = YES;
				CLANG_WARN_BOOL_CONVERSION = YES;
				CLANG_WARN_COMMA = YES;
				CLANG_WARN_CONSTANT_CONVERSION = YES;
				CLANG_WARN_DEPRECATED_OBJC_IMPLEMENTATIONS = YES;
				CLANG_WARN_DIRECT_OBJC_ISA_USAGE = YES_ERROR;
				CLANG_WARN_DOCUMENTATION_COMMENTS = YES;
				CLANG_WARN_EMPTY_BODY = YES;
				CLANG_WARN_ENUM_CONVERSION = YES;
				CLANG_WARN_INFINITE_RECURSION = YES;
				CLANG_WARN_INT_CONVERSION = YES;
				CLANG_WARN_NON_LITERAL_NULL_CONVERSION = YES;
				CLANG_WARN_OBJC_IMPLICIT_RETAIN_SELF = YES;
				CLANG_WARN_OBJC_LITERAL_CONVERSION = YES;
				CLANG_WARN_OBJC_ROOT_CLASS = YES_ERROR;
				CLANG_WARN_RANGE_LOOP_ANALYSIS = YES;
				CLANG_WARN_STRICT_PROTOTYPES = YES;
				CLANG_WARN_SUSPICIOUS_MOVE = YES;
				CLANG_WARN_UNGUARDED_AVAILABILITY = YES_AGGRESSIVE;
				CLANG_WARN_UNREACHABLE_CODE = YES;
				CLANG_WARN__DUPLICATE_METHOD_MATCH = YES;
				CODE_SIGN_IDENTITY = "iPhone Developer";
				COPY_PHASE_STRIP = NO;
				DEBUG_INFORMATION_FORMAT = "dwarf-with-dsym";
				ENABLE_NS_ASSERTIONS = NO;
				ENABLE_STRICT_OBJC_MSGSEND = YES;
				GCC_C_LANGUAGE_STANDARD = gnu11;
				GCC_NO_COMMON_BLOCKS = YES;
				GCC_WARN_64_TO_32_BIT_CONVERSION = YES;
				GCC_WARN_ABOUT_RETURN_TYPE = YES_ERROR;
				GCC_WARN_UNDECLARED_SELECTOR = YES;
				GCC_WARN_UNINITIALIZED_AUTOS = YES_AGGRESSIVE;
				GCC_WARN_UNUSED_FUNCTION = YES;
				GCC_WARN_UNUSED_VARIABLE = YES;
				IPHONEOS_DEPLOYMENT_TARGET = 11.3;
				MTL_ENABLE_DEBUG_INFO = NO;
				SDKROOT = iphoneos;
				SWIFT_COMPILATION_MODE = wholemodule;
				SWIFT_OPTIMIZATION_LEVEL = "-O";
				VALIDATE_PRODUCT = YES;
			};
			name = Release;
		};
		5F75596F2082B0E80060CED5 /* Debug */ = {
			isa = XCBuildConfiguration;
			baseConfigurationReference = F6440EA5BB06C9CA8C214263 /* Pods-Ride Track.debug.xcconfig */;
			buildSettings = {
				ASSETCATALOG_COMPILER_APPICON_NAME = AppIcon;
				CODE_SIGN_STYLE = Automatic;
				DEVELOPMENT_TEAM = PFP4CHD9U5;
				INFOPLIST_FILE = "Ride Track/Info.plist";
				LD_RUNPATH_SEARCH_PATHS = (
					"$(inherited)",
					"@executable_path/Frameworks",
				);
				PRODUCT_BUNDLE_IDENTIFIER = "marklawrence.Ride-Track";
				PRODUCT_NAME = "$(TARGET_NAME)";
				SWIFT_VERSION = 4.0;
				TARGETED_DEVICE_FAMILY = "1,2";
			};
			name = Debug;
		};
		5F7559702082B0E80060CED5 /* Release */ = {
			isa = XCBuildConfiguration;
			baseConfigurationReference = 96AA33EB0E4B3FA4C33386C5 /* Pods-Ride Track.release.xcconfig */;
			buildSettings = {
				ASSETCATALOG_COMPILER_APPICON_NAME = AppIcon;
				CODE_SIGN_STYLE = Automatic;
				DEVELOPMENT_TEAM = PFP4CHD9U5;
				INFOPLIST_FILE = "Ride Track/Info.plist";
				LD_RUNPATH_SEARCH_PATHS = (
					"$(inherited)",
					"@executable_path/Frameworks",
				);
				PRODUCT_BUNDLE_IDENTIFIER = "marklawrence.Ride-Track";
				PRODUCT_NAME = "$(TARGET_NAME)";
				SWIFT_VERSION = 4.0;
				TARGETED_DEVICE_FAMILY = "1,2";
			};
			name = Release;
		};
		5F7559722082B0E80060CED5 /* Debug */ = {
			isa = XCBuildConfiguration;
			baseConfigurationReference = 9C27304B77A8DCD8E8A26720 /* Pods-Ride TrackTests.debug.xcconfig */;
			buildSettings = {
				ALWAYS_EMBED_SWIFT_STANDARD_LIBRARIES = YES;
				BUNDLE_LOADER = "$(TEST_HOST)";
				CODE_SIGN_STYLE = Automatic;
				DEVELOPMENT_TEAM = PFP4CHD9U5;
				INFOPLIST_FILE = "Ride TrackTests/Info.plist";
				LD_RUNPATH_SEARCH_PATHS = (
					"$(inherited)",
					"@executable_path/Frameworks",
					"@loader_path/Frameworks",
				);
				PRODUCT_BUNDLE_IDENTIFIER = "marklawrence.Ride-TrackTests";
				PRODUCT_NAME = "$(TARGET_NAME)";
				SWIFT_VERSION = 4.0;
				TARGETED_DEVICE_FAMILY = "1,2";
				TEST_HOST = "$(BUILT_PRODUCTS_DIR)/Ride Track.app/Ride Track";
			};
			name = Debug;
		};
		5F7559732082B0E80060CED5 /* Release */ = {
			isa = XCBuildConfiguration;
			baseConfigurationReference = 5A18A3B220F29D9A3C2BFE68 /* Pods-Ride TrackTests.release.xcconfig */;
			buildSettings = {
				ALWAYS_EMBED_SWIFT_STANDARD_LIBRARIES = YES;
				BUNDLE_LOADER = "$(TEST_HOST)";
				CODE_SIGN_STYLE = Automatic;
				DEVELOPMENT_TEAM = PFP4CHD9U5;
				INFOPLIST_FILE = "Ride TrackTests/Info.plist";
				LD_RUNPATH_SEARCH_PATHS = (
					"$(inherited)",
					"@executable_path/Frameworks",
					"@loader_path/Frameworks",
				);
				PRODUCT_BUNDLE_IDENTIFIER = "marklawrence.Ride-TrackTests";
				PRODUCT_NAME = "$(TARGET_NAME)";
				SWIFT_VERSION = 4.0;
				TARGETED_DEVICE_FAMILY = "1,2";
				TEST_HOST = "$(BUILT_PRODUCTS_DIR)/Ride Track.app/Ride Track";
			};
			name = Release;
		};
		5F7559752082B0E80060CED5 /* Debug */ = {
			isa = XCBuildConfiguration;
			baseConfigurationReference = 659604BDA9481FFE82F48647 /* Pods-Ride TrackUITests.debug.xcconfig */;
			buildSettings = {
				ALWAYS_EMBED_SWIFT_STANDARD_LIBRARIES = YES;
				CODE_SIGN_STYLE = Automatic;
				DEVELOPMENT_TEAM = PFP4CHD9U5;
				INFOPLIST_FILE = "Ride TrackUITests/Info.plist";
				LD_RUNPATH_SEARCH_PATHS = (
					"$(inherited)",
					"@executable_path/Frameworks",
					"@loader_path/Frameworks",
				);
				PRODUCT_BUNDLE_IDENTIFIER = "marklawrence.Ride-TrackUITests";
				PRODUCT_NAME = "$(TARGET_NAME)";
				SWIFT_VERSION = 4.0;
				TARGETED_DEVICE_FAMILY = "1,2";
				TEST_TARGET_NAME = "Ride Track";
			};
			name = Debug;
		};
		5F7559762082B0E80060CED5 /* Release */ = {
			isa = XCBuildConfiguration;
			baseConfigurationReference = B53D74E479ED5DED9F0AFF22 /* Pods-Ride TrackUITests.release.xcconfig */;
			buildSettings = {
				ALWAYS_EMBED_SWIFT_STANDARD_LIBRARIES = YES;
				CODE_SIGN_STYLE = Automatic;
				DEVELOPMENT_TEAM = PFP4CHD9U5;
				INFOPLIST_FILE = "Ride TrackUITests/Info.plist";
				LD_RUNPATH_SEARCH_PATHS = (
					"$(inherited)",
					"@executable_path/Frameworks",
					"@loader_path/Frameworks",
				);
				PRODUCT_BUNDLE_IDENTIFIER = "marklawrence.Ride-TrackUITests";
				PRODUCT_NAME = "$(TARGET_NAME)";
				SWIFT_VERSION = 4.0;
				TARGETED_DEVICE_FAMILY = "1,2";
				TEST_TARGET_NAME = "Ride Track";
			};
			name = Release;
		};
/* End XCBuildConfiguration section */

/* Begin XCConfigurationList section */
		5F7559412082B0E10060CED5 /* Build configuration list for PBXProject "Ride Track" */ = {
			isa = XCConfigurationList;
			buildConfigurations = (
				5F75596C2082B0E80060CED5 /* Debug */,
				5F75596D2082B0E80060CED5 /* Release */,
			);
			defaultConfigurationIsVisible = 0;
			defaultConfigurationName = Release;
		};
		5F75596E2082B0E80060CED5 /* Build configuration list for PBXNativeTarget "Ride Track" */ = {
			isa = XCConfigurationList;
			buildConfigurations = (
				5F75596F2082B0E80060CED5 /* Debug */,
				5F7559702082B0E80060CED5 /* Release */,
			);
			defaultConfigurationIsVisible = 0;
			defaultConfigurationName = Release;
		};
		5F7559712082B0E80060CED5 /* Build configuration list for PBXNativeTarget "Ride TrackTests" */ = {
			isa = XCConfigurationList;
			buildConfigurations = (
				5F7559722082B0E80060CED5 /* Debug */,
				5F7559732082B0E80060CED5 /* Release */,
			);
			defaultConfigurationIsVisible = 0;
			defaultConfigurationName = Release;
		};
		5F7559742082B0E80060CED5 /* Build configuration list for PBXNativeTarget "Ride TrackUITests" */ = {
			isa = XCConfigurationList;
			buildConfigurations = (
				5F7559752082B0E80060CED5 /* Debug */,
				5F7559762082B0E80060CED5 /* Release */,
			);
			defaultConfigurationIsVisible = 0;
			defaultConfigurationName = Release;
		};
/* End XCConfigurationList section */
	};
	rootObject = 5F75593E2082B0E10060CED5 /* Project object */;
}
