// !$*UTF8*$!
{
	archiveVersion = 1;
	classes = {
	};
	objectVersion = 50;
	objects = {

/* Begin PBXBuildFile section */
		5F75594A2082B0E10060CED5 /* AppDelegate.swift in Sources */ = {isa = PBXBuildFile; fileRef = 5F7559492082B0E10060CED5 /* AppDelegate.swift */; };
		5F75594C2082B0E10060CED5 /* ViewController.swift in Sources */ = {isa = PBXBuildFile; fileRef = 5F75594B2082B0E10060CED5 /* ViewController.swift */; };
		5F75594F2082B0E10060CED5 /* Main.storyboard in Resources */ = {isa = PBXBuildFile; fileRef = 5F75594D2082B0E10060CED5 /* Main.storyboard */; };
		5F7559512082B0E80060CED5 /* Assets.xcassets in Resources */ = {isa = PBXBuildFile; fileRef = 5F7559502082B0E80060CED5 /* Assets.xcassets */; };
		5F7559542082B0E80060CED5 /* LaunchScreen.storyboard in Resources */ = {isa = PBXBuildFile; fileRef = 5F7559522082B0E80060CED5 /* LaunchScreen.storyboard */; };
		5F75595F2082B0E80060CED5 /* Ride_TrackTests.swift in Sources */ = {isa = PBXBuildFile; fileRef = 5F75595E2082B0E80060CED5 /* Ride_TrackTests.swift */; };
		5F75596A2082B0E80060CED5 /* Ride_TrackUITests.swift in Sources */ = {isa = PBXBuildFile; fileRef = 5F7559692082B0E80060CED5 /* Ride_TrackUITests.swift */; };
		5F7559782082B1D60060CED5 /* AttractionsModel.swift in Sources */ = {isa = PBXBuildFile; fileRef = 5F7559772082B1D60060CED5 /* AttractionsModel.swift */; };
		5F75597A2082B2E50060CED5 /* HomeModel.swift in Sources */ = {isa = PBXBuildFile; fileRef = 5F7559792082B2E50060CED5 /* HomeModel.swift */; };
		5F75597E2083D2E30060CED5 /* AttractionsViewController.swift in Sources */ = {isa = PBXBuildFile; fileRef = 5F75597D2083D2E30060CED5 /* AttractionsViewController.swift */; };
		5F7559802083D40E0060CED5 /* ParksModel.swift in Sources */ = {isa = PBXBuildFile; fileRef = 5F75597F2083D40E0060CED5 /* ParksModel.swift */; };
		5FC150B02083E29400DB1A53 /* TestViewController.swift in Sources */ = {isa = PBXBuildFile; fileRef = 5FC150AF2083E29400DB1A53 /* TestViewController.swift */; };
/* End PBXBuildFile section */

/* Begin PBXContainerItemProxy section */
		5F75595B2082B0E80060CED5 /* PBXContainerItemProxy */ = {
			isa = PBXContainerItemProxy;
			containerPortal = 5F75593E2082B0E10060CED5 /* Project object */;
			proxyType = 1;
			remoteGlobalIDString = 5F7559452082B0E10060CED5;
			remoteInfo = "Ride Track";
		};
		5F7559662082B0E80060CED5 /* PBXContainerItemProxy */ = {
			isa = PBXContainerItemProxy;
			containerPortal = 5F75593E2082B0E10060CED5 /* Project object */;
			proxyType = 1;
			remoteGlobalIDString = 5F7559452082B0E10060CED5;
			remoteInfo = "Ride Track";
		};
/* End PBXContainerItemProxy section */

/* Begin PBXFileReference section */
		5F7559462082B0E10060CED5 /* Ride Track.app */ = {isa = PBXFileReference; explicitFileType = wrapper.application; includeInIndex = 0; path = "Ride Track.app"; sourceTree = BUILT_PRODUCTS_DIR; };
		5F7559492082B0E10060CED5 /* AppDelegate.swift */ = {isa = PBXFileReference; lastKnownFileType = sourcecode.swift; path = AppDelegate.swift; sourceTree = "<group>"; };
		5F75594B2082B0E10060CED5 /* ViewController.swift */ = {isa = PBXFileReference; lastKnownFileType = sourcecode.swift; path = ViewController.swift; sourceTree = "<group>"; };
		5F75594E2082B0E10060CED5 /* Base */ = {isa = PBXFileReference; lastKnownFileType = file.storyboard; name = Base; path = Base.lproj/Main.storyboard; sourceTree = "<group>"; };
		5F7559502082B0E80060CED5 /* Assets.xcassets */ = {isa = PBXFileReference; lastKnownFileType = folder.assetcatalog; path = Assets.xcassets; sourceTree = "<group>"; };
		5F7559532082B0E80060CED5 /* Base */ = {isa = PBXFileReference; lastKnownFileType = file.storyboard; name = Base; path = Base.lproj/LaunchScreen.storyboard; sourceTree = "<group>"; };
		5F7559552082B0E80060CED5 /* Info.plist */ = {isa = PBXFileReference; lastKnownFileType = text.plist.xml; path = Info.plist; sourceTree = "<group>"; };
		5F75595A2082B0E80060CED5 /* Ride TrackTests.xctest */ = {isa = PBXFileReference; explicitFileType = wrapper.cfbundle; includeInIndex = 0; path = "Ride TrackTests.xctest"; sourceTree = BUILT_PRODUCTS_DIR; };
		5F75595E2082B0E80060CED5 /* Ride_TrackTests.swift */ = {isa = PBXFileReference; lastKnownFileType = sourcecode.swift; path = Ride_TrackTests.swift; sourceTree = "<group>"; };
		5F7559602082B0E80060CED5 /* Info.plist */ = {isa = PBXFileReference; lastKnownFileType = text.plist.xml; path = Info.plist; sourceTree = "<group>"; };
		5F7559652082B0E80060CED5 /* Ride TrackUITests.xctest */ = {isa = PBXFileReference; explicitFileType = wrapper.cfbundle; includeInIndex = 0; path = "Ride TrackUITests.xctest"; sourceTree = BUILT_PRODUCTS_DIR; };
		5F7559692082B0E80060CED5 /* Ride_TrackUITests.swift */ = {isa = PBXFileReference; lastKnownFileType = sourcecode.swift; path = Ride_TrackUITests.swift; sourceTree = "<group>"; };
		5F75596B2082B0E80060CED5 /* Info.plist */ = {isa = PBXFileReference; lastKnownFileType = text.plist.xml; path = Info.plist; sourceTree = "<group>"; };
		5F7559772082B1D60060CED5 /* AttractionsModel.swift */ = {isa = PBXFileReference; lastKnownFileType = sourcecode.swift; path = AttractionsModel.swift; sourceTree = "<group>"; };
		5F7559792082B2E50060CED5 /* HomeModel.swift */ = {isa = PBXFileReference; lastKnownFileType = sourcecode.swift; path = HomeModel.swift; sourceTree = "<group>"; };
		5F75597D2083D2E30060CED5 /* AttractionsViewController.swift */ = {isa = PBXFileReference; lastKnownFileType = sourcecode.swift; path = AttractionsViewController.swift; sourceTree = "<group>"; };
		5F75597F2083D40E0060CED5 /* ParksModel.swift */ = {isa = PBXFileReference; lastKnownFileType = sourcecode.swift; path = ParksModel.swift; sourceTree = "<group>"; };
		5FC150AF2083E29400DB1A53 /* TestViewController.swift */ = {isa = PBXFileReference; lastKnownFileType = sourcecode.swift; path = TestViewController.swift; sourceTree = "<group>"; };
/* End PBXFileReference section */

/* Begin PBXFrameworksBuildPhase section */
		5F7559432082B0E10060CED5 /* Frameworks */ = {
			isa = PBXFrameworksBuildPhase;
			buildActionMask = 2147483647;
			files = (
			);
			runOnlyForDeploymentPostprocessing = 0;
		};
		5F7559572082B0E80060CED5 /* Frameworks */ = {
			isa = PBXFrameworksBuildPhase;
			buildActionMask = 2147483647;
			files = (
			);
			runOnlyForDeploymentPostprocessing = 0;
		};
		5F7559622082B0E80060CED5 /* Frameworks */ = {
			isa = PBXFrameworksBuildPhase;
			buildActionMask = 2147483647;
			files = (
			);
			runOnlyForDeploymentPostprocessing = 0;
		};
/* End PBXFrameworksBuildPhase section */

/* Begin PBXGroup section */
		5F75593D2082B0E10060CED5 = {
			isa = PBXGroup;
			children = (
				5F7559482082B0E10060CED5 /* Ride Track */,
				5F75595D2082B0E80060CED5 /* Ride TrackTests */,
				5F7559682082B0E80060CED5 /* Ride TrackUITests */,
				5F7559472082B0E10060CED5 /* Products */,
			);
			sourceTree = "<group>";
		};
		5F7559472082B0E10060CED5 /* Products */ = {
			isa = PBXGroup;
			children = (
				5F7559462082B0E10060CED5 /* Ride Track.app */,
				5F75595A2082B0E80060CED5 /* Ride TrackTests.xctest */,
				5F7559652082B0E80060CED5 /* Ride TrackUITests.xctest */,
			);
			name = Products;
			sourceTree = "<group>";
		};
		5F7559482082B0E10060CED5 /* Ride Track */ = {
			isa = PBXGroup;
			children = (
				5F7559492082B0E10060CED5 /* AppDelegate.swift */,
				5F75594B2082B0E10060CED5 /* ViewController.swift */,
				5F75597D2083D2E30060CED5 /* AttractionsViewController.swift */,
				5FC150AF2083E29400DB1A53 /* TestViewController.swift */,
				5F75594D2082B0E10060CED5 /* Main.storyboard */,
				5F7559792082B2E50060CED5 /* HomeModel.swift */,
				5F7559772082B1D60060CED5 /* AttractionsModel.swift */,
				5F75597F2083D40E0060CED5 /* ParksModel.swift */,
				5F7559502082B0E80060CED5 /* Assets.xcassets */,
				5F7559522082B0E80060CED5 /* LaunchScreen.storyboard */,
				5F7559552082B0E80060CED5 /* Info.plist */,
			);
			path = "Ride Track";
			sourceTree = "<group>";
		};
		5F75595D2082B0E80060CED5 /* Ride TrackTests */ = {
			isa = PBXGroup;
			children = (
				5F75595E2082B0E80060CED5 /* Ride_TrackTests.swift */,
				5F7559602082B0E80060CED5 /* Info.plist */,
			);
			path = "Ride TrackTests";
			sourceTree = "<group>";
		};
		5F7559682082B0E80060CED5 /* Ride TrackUITests */ = {
			isa = PBXGroup;
			children = (
				5F7559692082B0E80060CED5 /* Ride_TrackUITests.swift */,
				5F75596B2082B0E80060CED5 /* Info.plist */,
			);
			path = "Ride TrackUITests";
			sourceTree = "<group>";
		};
/* End PBXGroup section */

/* Begin PBXNativeTarget section */
		5F7559452082B0E10060CED5 /* Ride Track */ = {
			isa = PBXNativeTarget;
			buildConfigurationList = 5F75596E2082B0E80060CED5 /* Build configuration list for PBXNativeTarget "Ride Track" */;
			buildPhases = (
				5F7559422082B0E10060CED5 /* Sources */,
				5F7559432082B0E10060CED5 /* Frameworks */,
				5F7559442082B0E10060CED5 /* Resources */,
			);
			buildRules = (
			);
			dependencies = (
			);
			name = "Ride Track";
			productName = "Ride Track";
			productReference = 5F7559462082B0E10060CED5 /* Ride Track.app */;
			productType = "com.apple.product-type.application";
		};
		5F7559592082B0E80060CED5 /* Ride TrackTests */ = {
			isa = PBXNativeTarget;
			buildConfigurationList = 5F7559712082B0E80060CED5 /* Build configuration list for PBXNativeTarget "Ride TrackTests" */;
			buildPhases = (
				5F7559562082B0E80060CED5 /* Sources */,
				5F7559572082B0E80060CED5 /* Frameworks */,
				5F7559582082B0E80060CED5 /* Resources */,
			);
			buildRules = (
			);
			dependencies = (
				5F75595C2082B0E80060CED5 /* PBXTargetDependency */,
			);
			name = "Ride TrackTests";
			productName = "Ride TrackTests";
			productReference = 5F75595A2082B0E80060CED5 /* Ride TrackTests.xctest */;
			productType = "com.apple.product-type.bundle.unit-test";
		};
		5F7559642082B0E80060CED5 /* Ride TrackUITests */ = {
			isa = PBXNativeTarget;
			buildConfigurationList = 5F7559742082B0E80060CED5 /* Build configuration list for PBXNativeTarget "Ride TrackUITests" */;
			buildPhases = (
				5F7559612082B0E80060CED5 /* Sources */,
				5F7559622082B0E80060CED5 /* Frameworks */,
				5F7559632082B0E80060CED5 /* Resources */,
			);
			buildRules = (
			);
			dependencies = (
				5F7559672082B0E80060CED5 /* PBXTargetDependency */,
			);
			name = "Ride TrackUITests";
			productName = "Ride TrackUITests";
			productReference = 5F7559652082B0E80060CED5 /* Ride TrackUITests.xctest */;
			productType = "com.apple.product-type.bundle.ui-testing";
		};
/* End PBXNativeTarget section */

/* Begin PBXProject section */
		5F75593E2082B0E10060CED5 /* Project object */ = {
			isa = PBXProject;
			attributes = {
				LastSwiftUpdateCheck = 0930;
				LastUpgradeCheck = 0930;
				ORGANIZATIONNAME = "Mark Lawrence";
				TargetAttributes = {
					5F7559452082B0E10060CED5 = {
						CreatedOnToolsVersion = 9.3;
					};
					5F7559592082B0E80060CED5 = {
						CreatedOnToolsVersion = 9.3;
						TestTargetID = 5F7559452082B0E10060CED5;
					};
					5F7559642082B0E80060CED5 = {
						CreatedOnToolsVersion = 9.3;
						TestTargetID = 5F7559452082B0E10060CED5;
					};
				};
			};
			buildConfigurationList = 5F7559412082B0E10060CED5 /* Build configuration list for PBXProject "Ride Track" */;
			compatibilityVersion = "Xcode 9.3";
			developmentRegion = en;
			hasScannedForEncodings = 0;
			knownRegions = (
				en,
				Base,
			);
			mainGroup = 5F75593D2082B0E10060CED5;
			productRefGroup = 5F7559472082B0E10060CED5 /* Products */;
			projectDirPath = "";
			projectRoot = "";
			targets = (
				5F7559452082B0E10060CED5 /* Ride Track */,
				5F7559592082B0E80060CED5 /* Ride TrackTests */,
				5F7559642082B0E80060CED5 /* Ride TrackUITests */,
			);
		};
/* End PBXProject section */

/* Begin PBXResourcesBuildPhase section */
		5F7559442082B0E10060CED5 /* Resources */ = {
			isa = PBXResourcesBuildPhase;
			buildActionMask = 2147483647;
			files = (
				5F7559542082B0E80060CED5 /* LaunchScreen.storyboard in Resources */,
				5F7559512082B0E80060CED5 /* Assets.xcassets in Resources */,
				5F75594F2082B0E10060CED5 /* Main.storyboard in Resources */,
			);
			runOnlyForDeploymentPostprocessing = 0;
		};
		5F7559582082B0E80060CED5 /* Resources */ = {
			isa = PBXResourcesBuildPhase;
			buildActionMask = 2147483647;
			files = (
			);
			runOnlyForDeploymentPostprocessing = 0;
		};
		5F7559632082B0E80060CED5 /* Resources */ = {
			isa = PBXResourcesBuildPhase;
			buildActionMask = 2147483647;
			files = (
			);
			runOnlyForDeploymentPostprocessing = 0;
		};
/* End PBXResourcesBuildPhase section */

/* Begin PBXSourcesBuildPhase section */
		5F7559422082B0E10060CED5 /* Sources */ = {
			isa = PBXSourcesBuildPhase;
			buildActionMask = 2147483647;
			files = (
				5FC150B02083E29400DB1A53 /* TestViewController.swift in Sources */,
				5F75597A2082B2E50060CED5 /* HomeModel.swift in Sources */,
				5F75594C2082B0E10060CED5 /* ViewController.swift in Sources */,
				5F75594A2082B0E10060CED5 /* AppDelegate.swift in Sources */,
				5F75597E2083D2E30060CED5 /* AttractionsViewController.swift in Sources */,
				5F7559782082B1D60060CED5 /* AttractionsModel.swift in Sources */,
				5F7559802083D40E0060CED5 /* ParksModel.swift in Sources */,
			);
			runOnlyForDeploymentPostprocessing = 0;
		};
		5F7559562082B0E80060CED5 /* Sources */ = {
			isa = PBXSourcesBuildPhase;
			buildActionMask = 2147483647;
			files = (
				5F75595F2082B0E80060CED5 /* Ride_TrackTests.swift in Sources */,
			);
			runOnlyForDeploymentPostprocessing = 0;
		};
		5F7559612082B0E80060CED5 /* Sources */ = {
			isa = PBXSourcesBuildPhase;
			buildActionMask = 2147483647;
			files = (
				5F75596A2082B0E80060CED5 /* Ride_TrackUITests.swift in Sources */,
			);
			runOnlyForDeploymentPostprocessing = 0;
		};
/* End PBXSourcesBuildPhase section */

/* Begin PBXTargetDependency section */
		5F75595C2082B0E80060CED5 /* PBXTargetDependency */ = {
			isa = PBXTargetDependency;
			target = 5F7559452082B0E10060CED5 /* Ride Track */;
			targetProxy = 5F75595B2082B0E80060CED5 /* PBXContainerItemProxy */;
		};
		5F7559672082B0E80060CED5 /* PBXTargetDependency */ = {
			isa = PBXTargetDependency;
			target = 5F7559452082B0E10060CED5 /* Ride Track */;
			targetProxy = 5F7559662082B0E80060CED5 /* PBXContainerItemProxy */;
		};
/* End PBXTargetDependency section */

/* Begin PBXVariantGroup section */
		5F75594D2082B0E10060CED5 /* Main.storyboard */ = {
			isa = PBXVariantGroup;
			children = (
				5F75594E2082B0E10060CED5 /* Base */,
			);
			name = Main.storyboard;
			sourceTree = "<group>";
		};
		5F7559522082B0E80060CED5 /* LaunchScreen.storyboard */ = {
			isa = PBXVariantGroup;
			children = (
				5F7559532082B0E80060CED5 /* Base */,
			);
			name = LaunchScreen.storyboard;
			sourceTree = "<group>";
		};
/* End PBXVariantGroup section */

/* Begin XCBuildConfiguration section */
		5F75596C2082B0E80060CED5 /* Debug */ = {
			isa = XCBuildConfiguration;
			buildSettings = {
				ALWAYS_SEARCH_USER_PATHS = NO;
				CLANG_ANALYZER_NONNULL = YES;
				CLANG_ANALYZER_NUMBER_OBJECT_CONVERSION = YES_AGGRESSIVE;
				CLANG_CXX_LANGUAGE_STANDARD = "gnu++14";
				CLANG_CXX_LIBRARY = "libc++";
				CLANG_ENABLE_MODULES = YES;
				CLANG_ENABLE_OBJC_ARC = YES;
				CLANG_ENABLE_OBJC_WEAK = YES;
				CLANG_WARN_BLOCK_CAPTURE_AUTORELEASING = YES;
				CLANG_WARN_BOOL_CONVERSION = YES;
				CLANG_WARN_COMMA = YES;
				CLANG_WARN_CONSTANT_CONVERSION = YES;
				CLANG_WARN_DEPRECATED_OBJC_IMPLEMENTATIONS = YES;
				CLANG_WARN_DIRECT_OBJC_ISA_USAGE = YES_ERROR;
				CLANG_WARN_DOCUMENTATION_COMMENTS = YES;
				CLANG_WARN_EMPTY_BODY = YES;
				CLANG_WARN_ENUM_CONVERSION = YES;
				CLANG_WARN_INFINITE_RECURSION = YES;
				CLANG_WARN_INT_CONVERSION = YES;
				CLANG_WARN_NON_LITERAL_NULL_CONVERSION = YES;
				CLANG_WARN_OBJC_IMPLICIT_RETAIN_SELF = YES;
				CLANG_WARN_OBJC_LITERAL_CONVERSION = YES;
				CLANG_WARN_OBJC_ROOT_CLASS = YES_ERROR;
				CLANG_WARN_RANGE_LOOP_ANALYSIS = YES;
				CLANG_WARN_STRICT_PROTOTYPES = YES;
				CLANG_WARN_SUSPICIOUS_MOVE = YES;
				CLANG_WARN_UNGUARDED_AVAILABILITY = YES_AGGRESSIVE;
				CLANG_WARN_UNREACHABLE_CODE = YES;
				CLANG_WARN__DUPLICATE_METHOD_MATCH = YES;
				CODE_SIGN_IDENTITY = "iPhone Developer";
				COPY_PHASE_STRIP = NO;
				DEBUG_INFORMATION_FORMAT = dwarf;
				ENABLE_STRICT_OBJC_MSGSEND = YES;
				ENABLE_TESTABILITY = YES;
				GCC_C_LANGUAGE_STANDARD = gnu11;
				GCC_DYNAMIC_NO_PIC = NO;
				GCC_NO_COMMON_BLOCKS = YES;
				GCC_OPTIMIZATION_LEVEL = 0;
				GCC_PREPROCESSOR_DEFINITIONS = (
					"DEBUG=1",
					"$(inherited)",
				);
				GCC_WARN_64_TO_32_BIT_CONVERSION = YES;
				GCC_WARN_ABOUT_RETURN_TYPE = YES_ERROR;
				GCC_WARN_UNDECLARED_SELECTOR = YES;
				GCC_WARN_UNINITIALIZED_AUTOS = YES_AGGRESSIVE;
				GCC_WARN_UNUSED_FUNCTION = YES;
				GCC_WARN_UNUSED_VARIABLE = YES;
				IPHONEOS_DEPLOYMENT_TARGET = 11.3;
				MTL_ENABLE_DEBUG_INFO = YES;
				ONLY_ACTIVE_ARCH = YES;
				SDKROOT = iphoneos;
				SWIFT_ACTIVE_COMPILATION_CONDITIONS = DEBUG;
				SWIFT_OPTIMIZATION_LEVEL = "-Onone";
			};
			name = Debug;
		};
		5F75596D2082B0E80060CED5 /* Release */ = {
			isa = XCBuildConfiguration;
			buildSettings = {
				ALWAYS_SEARCH_USER_PATHS = NO;
				CLANG_ANALYZER_NONNULL = YES;
				CLANG_ANALYZER_NUMBER_OBJECT_CONVERSION = YES_AGGRESSIVE;
				CLANG_CXX_LANGUAGE_STANDARD = "gnu++14";
				CLANG_CXX_LIBRARY = "libc++";
				CLANG_ENABLE_MODULES = YES;
				CLANG_ENABLE_OBJC_ARC = YES;
				CLANG_ENABLE_OBJC_WEAK = YES;
				CLANG_WARN_BLOCK_CAPTURE_AUTORELEASING = YES;
				CLANG_WARN_BOOL_CONVERSION = YES;
				CLANG_WARN_COMMA = YES;
				CLANG_WARN_CONSTANT_CONVERSION = YES;
				CLANG_WARN_DEPRECATED_OBJC_IMPLEMENTATIONS = YES;
				CLANG_WARN_DIRECT_OBJC_ISA_USAGE = YES_ERROR;
				CLANG_WARN_DOCUMENTATION_COMMENTS = YES;
				CLANG_WARN_EMPTY_BODY = YES;
				CLANG_WARN_ENUM_CONVERSION = YES;
				CLANG_WARN_INFINITE_RECURSION = YES;
				CLANG_WARN_INT_CONVERSION = YES;
				CLANG_WARN_NON_LITERAL_NULL_CONVERSION = YES;
				CLANG_WARN_OBJC_IMPLICIT_RETAIN_SELF = YES;
				CLANG_WARN_OBJC_LITERAL_CONVERSION = YES;
				CLANG_WARN_OBJC_ROOT_CLASS = YES_ERROR;
				CLANG_WARN_RANGE_LOOP_ANALYSIS = YES;
				CLANG_WARN_STRICT_PROTOTYPES = YES;
				CLANG_WARN_SUSPICIOUS_MOVE = YES;
				CLANG_WARN_UNGUARDED_AVAILABILITY = YES_AGGRESSIVE;
				CLANG_WARN_UNREACHABLE_CODE = YES;
				CLANG_WARN__DUPLICATE_METHOD_MATCH = YES;
				CODE_SIGN_IDENTITY = "iPhone Developer";
				COPY_PHASE_STRIP = NO;
				DEBUG_INFORMATION_FORMAT = "dwarf-with-dsym";
				ENABLE_NS_ASSERTIONS = NO;
				ENABLE_STRICT_OBJC_MSGSEND = YES;
				GCC_C_LANGUAGE_STANDARD = gnu11;
				GCC_NO_COMMON_BLOCKS = YES;
				GCC_WARN_64_TO_32_BIT_CONVERSION = YES;
				GCC_WARN_ABOUT_RETURN_TYPE = YES_ERROR;
				GCC_WARN_UNDECLARED_SELECTOR = YES;
				GCC_WARN_UNINITIALIZED_AUTOS = YES_AGGRESSIVE;
				GCC_WARN_UNUSED_FUNCTION = YES;
				GCC_WARN_UNUSED_VARIABLE = YES;
				IPHONEOS_DEPLOYMENT_TARGET = 11.3;
				MTL_ENABLE_DEBUG_INFO = NO;
				SDKROOT = iphoneos;
				SWIFT_COMPILATION_MODE = wholemodule;
				SWIFT_OPTIMIZATION_LEVEL = "-O";
				VALIDATE_PRODUCT = YES;
			};
			name = Release;
		};
		5F75596F2082B0E80060CED5 /* Debug */ = {
			isa = XCBuildConfiguration;
			buildSettings = {
				ASSETCATALOG_COMPILER_APPICON_NAME = AppIcon;
				CODE_SIGN_STYLE = Automatic;
				DEVELOPMENT_TEAM = PFP4CHD9U5;
				INFOPLIST_FILE = "Ride Track/Info.plist";
				LD_RUNPATH_SEARCH_PATHS = (
					"$(inherited)",
					"@executable_path/Frameworks",
				);
				PRODUCT_BUNDLE_IDENTIFIER = "marklawrence.Ride-Track";
				PRODUCT_NAME = "$(TARGET_NAME)";
				SWIFT_VERSION = 4.0;
				TARGETED_DEVICE_FAMILY = "1,2";
			};
			name = Debug;
		};
		5F7559702082B0E80060CED5 /* Release */ = {
			isa = XCBuildConfiguration;
			buildSettings = {
				ASSETCATALOG_COMPILER_APPICON_NAME = AppIcon;
				CODE_SIGN_STYLE = Automatic;
				DEVELOPMENT_TEAM = PFP4CHD9U5;
				INFOPLIST_FILE = "Ride Track/Info.plist";
				LD_RUNPATH_SEARCH_PATHS = (
					"$(inherited)",
					"@executable_path/Frameworks",
				);
				PRODUCT_BUNDLE_IDENTIFIER = "marklawrence.Ride-Track";
				PRODUCT_NAME = "$(TARGET_NAME)";
				SWIFT_VERSION = 4.0;
				TARGETED_DEVICE_FAMILY = "1,2";
			};
			name = Release;
		};
		5F7559722082B0E80060CED5 /* Debug */ = {
			isa = XCBuildConfiguration;
			buildSettings = {
				ALWAYS_EMBED_SWIFT_STANDARD_LIBRARIES = YES;
				BUNDLE_LOADER = "$(TEST_HOST)";
				CODE_SIGN_STYLE = Automatic;
				DEVELOPMENT_TEAM = PFP4CHD9U5;
				INFOPLIST_FILE = "Ride TrackTests/Info.plist";
				LD_RUNPATH_SEARCH_PATHS = (
					"$(inherited)",
					"@executable_path/Frameworks",
					"@loader_path/Frameworks",
				);
				PRODUCT_BUNDLE_IDENTIFIER = "marklawrence.Ride-TrackTests";
				PRODUCT_NAME = "$(TARGET_NAME)";
				SWIFT_VERSION = 4.0;
				TARGETED_DEVICE_FAMILY = "1,2";
				TEST_HOST = "$(BUILT_PRODUCTS_DIR)/Ride Track.app/Ride Track";
			};
			name = Debug;
		};
		5F7559732082B0E80060CED5 /* Release */ = {
			isa = XCBuildConfiguration;
			buildSettings = {
				ALWAYS_EMBED_SWIFT_STANDARD_LIBRARIES = YES;
				BUNDLE_LOADER = "$(TEST_HOST)";
				CODE_SIGN_STYLE = Automatic;
				DEVELOPMENT_TEAM = PFP4CHD9U5;
				INFOPLIST_FILE = "Ride TrackTests/Info.plist";
				LD_RUNPATH_SEARCH_PATHS = (
					"$(inherited)",
					"@executable_path/Frameworks",
					"@loader_path/Frameworks",
				);
				PRODUCT_BUNDLE_IDENTIFIER = "marklawrence.Ride-TrackTests";
				PRODUCT_NAME = "$(TARGET_NAME)";
				SWIFT_VERSION = 4.0;
				TARGETED_DEVICE_FAMILY = "1,2";
				TEST_HOST = "$(BUILT_PRODUCTS_DIR)/Ride Track.app/Ride Track";
			};
			name = Release;
		};
		5F7559752082B0E80060CED5 /* Debug */ = {
			isa = XCBuildConfiguration;
			buildSettings = {
				ALWAYS_EMBED_SWIFT_STANDARD_LIBRARIES = YES;
				CODE_SIGN_STYLE = Automatic;
				DEVELOPMENT_TEAM = PFP4CHD9U5;
				INFOPLIST_FILE = "Ride TrackUITests/Info.plist";
				LD_RUNPATH_SEARCH_PATHS = (
					"$(inherited)",
					"@executable_path/Frameworks",
					"@loader_path/Frameworks",
				);
				PRODUCT_BUNDLE_IDENTIFIER = "marklawrence.Ride-TrackUITests";
				PRODUCT_NAME = "$(TARGET_NAME)";
				SWIFT_VERSION = 4.0;
				TARGETED_DEVICE_FAMILY = "1,2";
				TEST_TARGET_NAME = "Ride Track";
			};
			name = Debug;
		};
		5F7559762082B0E80060CED5 /* Release */ = {
			isa = XCBuildConfiguration;
			buildSettings = {
				ALWAYS_EMBED_SWIFT_STANDARD_LIBRARIES = YES;
				CODE_SIGN_STYLE = Automatic;
				DEVELOPMENT_TEAM = PFP4CHD9U5;
				INFOPLIST_FILE = "Ride TrackUITests/Info.plist";
				LD_RUNPATH_SEARCH_PATHS = (
					"$(inherited)",
					"@executable_path/Frameworks",
					"@loader_path/Frameworks",
				);
				PRODUCT_BUNDLE_IDENTIFIER = "marklawrence.Ride-TrackUITests";
				PRODUCT_NAME = "$(TARGET_NAME)";
				SWIFT_VERSION = 4.0;
				TARGETED_DEVICE_FAMILY = "1,2";
				TEST_TARGET_NAME = "Ride Track";
			};
			name = Release;
		};
/* End XCBuildConfiguration section */

/* Begin XCConfigurationList section */
		5F7559412082B0E10060CED5 /* Build configuration list for PBXProject "Ride Track" */ = {
			isa = XCConfigurationList;
			buildConfigurations = (
				5F75596C2082B0E80060CED5 /* Debug */,
				5F75596D2082B0E80060CED5 /* Release */,
			);
			defaultConfigurationIsVisible = 0;
			defaultConfigurationName = Release;
		};
		5F75596E2082B0E80060CED5 /* Build configuration list for PBXNativeTarget "Ride Track" */ = {
			isa = XCConfigurationList;
			buildConfigurations = (
				5F75596F2082B0E80060CED5 /* Debug */,
				5F7559702082B0E80060CED5 /* Release */,
			);
			defaultConfigurationIsVisible = 0;
			defaultConfigurationName = Release;
		};
		5F7559712082B0E80060CED5 /* Build configuration list for PBXNativeTarget "Ride TrackTests" */ = {
			isa = XCConfigurationList;
			buildConfigurations = (
				5F7559722082B0E80060CED5 /* Debug */,
				5F7559732082B0E80060CED5 /* Release */,
			);
			defaultConfigurationIsVisible = 0;
			defaultConfigurationName = Release;
		};
		5F7559742082B0E80060CED5 /* Build configuration list for PBXNativeTarget "Ride TrackUITests" */ = {
			isa = XCConfigurationList;
			buildConfigurations = (
				5F7559752082B0E80060CED5 /* Debug */,
				5F7559762082B0E80060CED5 /* Release */,
			);
			defaultConfigurationIsVisible = 0;
			defaultConfigurationName = Release;
		};
/* End XCConfigurationList section */
	};
	rootObject = 5F75593E2082B0E10060CED5 /* Project object */;
}
